# THIS IS AN AUTOGENERATED FILE. DO NOT EDIT THIS FILE DIRECTLY.
# yarn lockfile v1


"@babel/helper-validator-identifier@^7.12.11":
  version "7.12.11"
  resolved "https://registry.npm.taobao.org/@babel/helper-validator-identifier/download/@babel/helper-validator-identifier-7.12.11.tgz#c9a1f021917dcb5ccf0d4e453e399022981fc9ed"
  integrity sha1-yaHwIZF9y1zPDU5FPjmQIpgfye0=

"@babel/parser@^7.12.0":
  version "7.13.13"
  resolved "https://registry.npm.taobao.org/@babel/parser/download/@babel/parser-7.13.13.tgz?cache=0&sync_timestamp=1616794050920&other_urls=https%3A%2F%2Fregistry.npm.taobao.org%2F%40babel%2Fparser%2Fdownload%2F%40babel%2Fparser-7.13.13.tgz#42f03862f4aed50461e543270916b47dd501f0df"
  integrity sha1-QvA4YvSu1QRh5UMnCRa0fdUB8N8=

"@babel/types@^7.12.0":
  version "7.13.14"
  resolved "https://registry.npm.taobao.org/@babel/types/download/@babel/types-7.13.14.tgz?cache=0&sync_timestamp=1617027429038&other_urls=https%3A%2F%2Fregistry.npm.taobao.org%2F%40babel%2Ftypes%2Fdownload%2F%40babel%2Ftypes-7.13.14.tgz#c35a4abb15c7cd45a2746d78ab328e362cbace0d"
  integrity sha1-w1pKuxXHzUWidG14qzKONiy6zg0=
  dependencies:
    "@babel/helper-validator-identifier" "^7.12.11"
    lodash "^4.17.19"
    to-fast-properties "^2.0.0"

"@vue/compiler-core@3.0.10":
  version "3.0.10"
  resolved "https://registry.npm.taobao.org/@vue/compiler-core/download/@vue/compiler-core-3.0.10.tgz?cache=0&sync_timestamp=1617149341354&other_urls=https%3A%2F%2Fregistry.npm.taobao.org%2F%40vue%2Fcompiler-core%2Fdownload%2F%40vue%2Fcompiler-core-3.0.10.tgz#ced92120c6b9bab7b6c44dfe5e3e5cf2ea422531"
  integrity sha1-ztkhIMa5ure2xE3+Xj5c8upCJTE=
  dependencies:
    "@babel/parser" "^7.12.0"
    "@babel/types" "^7.12.0"
    "@vue/shared" "3.0.10"
    estree-walker "^2.0.1"
    source-map "^0.6.1"

"@vue/compiler-dom@3.0.10":
  version "3.0.10"
  resolved "https://registry.npm.taobao.org/@vue/compiler-dom/download/@vue/compiler-dom-3.0.10.tgz?cache=0&sync_timestamp=1617149341245&other_urls=https%3A%2F%2Fregistry.npm.taobao.org%2F%40vue%2Fcompiler-dom%2Fdownload%2F%40vue%2Fcompiler-dom-3.0.10.tgz#59d3597498e7d4b0b92f3886a823f99d5b08f1fe"
  integrity sha1-WdNZdJjn1LC5LziGqCP5nVsI8f4=
  dependencies:
    "@vue/compiler-core" "3.0.10"
    "@vue/shared" "3.0.10"

"@vue/reactivity@3.0.10":
  version "3.0.10"
  resolved "https://registry.npm.taobao.org/@vue/reactivity/download/@vue/reactivity-3.0.10.tgz?cache=0&sync_timestamp=1617149326624&other_urls=https%3A%2F%2Fregistry.npm.taobao.org%2F%40vue%2Freactivity%2Fdownload%2F%40vue%2Freactivity-3.0.10.tgz#012830733291e60827f3b228d425ad53b83484ce"
  integrity sha1-ASgwczKR5ggn87Io1CWtU7g0hM4=
  dependencies:
    "@vue/shared" "3.0.10"

"@vue/runtime-core@3.0.10":
  version "3.0.10"
  resolved "https://registry.npm.taobao.org/@vue/runtime-core/download/@vue/runtime-core-3.0.10.tgz?cache=0&sync_timestamp=1617149327072&other_urls=https%3A%2F%2Fregistry.npm.taobao.org%2F%40vue%2Fruntime-core%2Fdownload%2F%40vue%2Fruntime-core-3.0.10.tgz#cb8730c0ec86ea5c1cfa701facc0a97bf59b15a2"
  integrity sha1-y4cwwOyG6lwc+nAfrMCpe/WbFaI=
  dependencies:
    "@vue/reactivity" "3.0.10"
    "@vue/shared" "3.0.10"

"@vue/runtime-dom@3.0.10":
  version "3.0.10"
  resolved "https://registry.npm.taobao.org/@vue/runtime-dom/download/@vue/runtime-dom-3.0.10.tgz?cache=0&sync_timestamp=1617149330037&other_urls=https%3A%2F%2Fregistry.npm.taobao.org%2F%40vue%2Fruntime-dom%2Fdownload%2F%40vue%2Fruntime-dom-3.0.10.tgz#80c6ee28caeabf74f31357d2c64d177945bd8a5f"
  integrity sha1-gMbuKMrqv3TzE1fSxk0XeUW9il8=
  dependencies:
    "@vue/runtime-core" "3.0.10"
    "@vue/shared" "3.0.10"
    csstype "^2.6.8"

"@vue/shared@3.0.10":
  version "3.0.10"
  resolved "https://registry.npm.taobao.org/@vue/shared/download/@vue/shared-3.0.10.tgz?cache=0&sync_timestamp=1617149340964&other_urls=https%3A%2F%2Fregistry.npm.taobao.org%2F%40vue%2Fshared%2Fdownload%2F%40vue%2Fshared-3.0.10.tgz#5476d5615d01bf339c65c2e804f5909bbc27844a"
  integrity sha1-VHbVYV0BvzOcZcLoBPWQm7wnhEo=

csstype@^2.6.8:
  version "2.6.16"
  resolved "https://registry.npm.taobao.org/csstype/download/csstype-2.6.16.tgz?cache=0&sync_timestamp=1614159817634&other_urls=https%3A%2F%2Fregistry.npm.taobao.org%2Fcsstype%2Fdownload%2Fcsstype-2.6.16.tgz#544d69f547013b85a40d15bff75db38f34fe9c39"
  integrity sha1-VE1p9UcBO4WkDRW/912zjzT+nDk=

estree-walker@^2.0.1:
  version "2.0.2"
  resolved "https://registry.npm.taobao.org/estree-walker/download/estree-walker-2.0.2.tgz#52f010178c2a4c117a7757cfe942adb7d2da4cac"
  integrity sha1-UvAQF4wqTBF6d1fP6UKtt9LaTKw=

lodash@^4.17.19:
  version "4.17.21"
  resolved "https://registry.npm.taobao.org/lodash/download/lodash-4.17.21.tgz#679591c564c3bffaae8454cf0b3df370c3d6911c"
  integrity sha1-Z5WRxWTDv/quhFTPCz3zcMPWkRw=

source-map@^0.6.1:
  version "0.6.1"
  resolved "https://registry.npm.taobao.org/source-map/download/source-map-0.6.1.tgz#74722af32e9614e9c287a8d0bbde48b5e2f1a263"
  integrity sha1-dHIq8y6WFOnCh6jQu95IteLxomM=

to-fast-properties@^2.0.0:
  version "2.0.0"
  resolved "https://registry.npm.taobao.org/to-fast-properties/download/to-fast-properties-2.0.0.tgz#dc5e698cbd079265bc73e0377681a4e4e83f616e"
  integrity sha1-3F5pjL0HkmW8c+A3doGk5Og/YW4=

vue@^3.0.0-rc.9:
  version "3.0.10"
  resolved "https://registry.npm.taobao.org/vue/download/vue-3.0.10.tgz?cache=0&sync_timestamp=1617149219940&other_urls=https%3A%2F%2Fregistry.npm.taobao.org%2Fvue%2Fdownload%2Fvue-3.0.10.tgz#b5d2801c6ac0e756c850ad7a8f9a78cbccbad02a"
  integrity sha1-tdKAHGrA51bIUK16j5p4y8y60Co=
  dependencies:
    "@vue/compiler-dom" "3.0.10"
    "@vue/runtime-dom" "3.0.10"
    "@vue/shared" "3.0.10"
